
Microsoft Visual Studio Solution File, Format Version 12.00
# Visual Studio 15
VisualStudioVersion = 15.0.27428.2027
MinimumVisualStudioVersion = 10.0.40219.1
Project("{FAE04EC0-301F-11D3-BF4B-00C04F79EFBC}") = "Assignment.SearchFight", "Assignment.SearchFight.csproj", "{7D686C47-E04A-44A4-998E-EC9F1426A13E}"
EndProject
Global
	GlobalSection(SolutionConfigurationPlatforms) = preSolution
		Debug|Any CPU = Debug|Any CPU
		Release|Any CPU = Release|Any CPU
	EndGlobalSection
	GlobalSection(ProjectConfigurationPlatforms) = postSolution
		{7D686C47-E04A-44A4-998E-EC9F1426A13E}.Debug|Any CPU.ActiveCfg = Debug|Any CPU
		{7D686C47-E04A-44A4-998E-EC9F1426A13E}.Debug|Any CPU.Build.0 = Debug|Any CPU
		{7D686C47-E04A-44A4-998E-EC9F1426A13E}.Release|Any CPU.ActiveCfg = Release|Any CPU
		{7D686C47-E04A-44A4-998E-EC9F1426A13E}.Release|Any CPU.Build.0 = Release|Any CPU
	EndGlobalSection
	GlobalSection(SolutionProperties) = preSolution
		HideSolutionNode = FALSE
	EndGlobalSection
	GlobalSection(ExtensibilityGlobals) = postSolution
		SolutionGuid = {DEBEB71E-55B4-41D0-B6DD-D3BFBAA1A0CD}
	EndGlobalSection
EndGlobal
